// !$*UTF8*$!
{
	archiveVersion = 1;
	classes = {
	};
	objectVersion = 46;
	objects = {

/* Begin PBXBuildFile section */
		296A3AD816CFC7E2009BEAB1 /* UIKit.framework in Frameworks */ = {isa = PBXBuildFile; fileRef = 296A3AD716CFC7E2009BEAB1 /* UIKit.framework */; };
		296A3ADA16CFC7E2009BEAB1 /* Foundation.framework in Frameworks */ = {isa = PBXBuildFile; fileRef = 296A3AD916CFC7E2009BEAB1 /* Foundation.framework */; };
		296A3ADC16CFC7E2009BEAB1 /* CoreGraphics.framework in Frameworks */ = {isa = PBXBuildFile; fileRef = 296A3ADB16CFC7E2009BEAB1 /* CoreGraphics.framework */; };
		296A3AE216CFC7E2009BEAB1 /* InfoPlist.strings in Resources */ = {isa = PBXBuildFile; fileRef = 296A3AE016CFC7E2009BEAB1 /* InfoPlist.strings */; };
		296A3AE416CFC7E2009BEAB1 /* main.m in Sources */ = {isa = PBXBuildFile; fileRef = 296A3AE316CFC7E2009BEAB1 /* main.m */; };
		296A3AE816CFC7E2009BEAB1 /* LearningAppDelegate.m in Sources */ = {isa = PBXBuildFile; fileRef = 296A3AE716CFC7E2009BEAB1 /* LearningAppDelegate.m */; };
		296A3AEA16CFC7E2009BEAB1 /* Default.png in Resources */ = {isa = PBXBuildFile; fileRef = 296A3AE916CFC7E2009BEAB1 /* Default.png */; };
		296A3AEC16CFC7E2009BEAB1 /* Default@2x.png in Resources */ = {isa = PBXBuildFile; fileRef = 296A3AEB16CFC7E2009BEAB1 /* Default@2x.png */; };
		296A3AEE16CFC7E2009BEAB1 /* Default-568h@2x.png in Resources */ = {isa = PBXBuildFile; fileRef = 296A3AED16CFC7E2009BEAB1 /* Default-568h@2x.png */; };
		296A3AF116CFC7E2009BEAB1 /* MainStoryboard.storyboard in Resources */ = {isa = PBXBuildFile; fileRef = 296A3AEF16CFC7E2009BEAB1 /* MainStoryboard.storyboard */; };
		296A3AF416CFC7E2009BEAB1 /* LearningViewController.m in Sources */ = {isa = PBXBuildFile; fileRef = 296A3AF316CFC7E2009BEAB1 /* LearningViewController.m */; };
/* End PBXBuildFile section */

/* Begin PBXFileReference section */
		296A3AD416CFC7E2009BEAB1 /* LearningNote.app */ = {isa = PBXFileReference; explicitFileType = wrapper.application; includeInIndex = 0; path = LearningNote.app; sourceTree = BUILT_PRODUCTS_DIR; };
		296A3AD716CFC7E2009BEAB1 /* UIKit.framework */ = {isa = PBXFileReference; lastKnownFileType = wrapper.framework; name = UIKit.framework; path = System/Library/Frameworks/UIKit.framework; sourceTree = SDKROOT; };
		296A3AD916CFC7E2009BEAB1 /* Foundation.framework */ = {isa = PBXFileReference; lastKnownFileType = wrapper.framework; name = Foundation.framework; path = System/Library/Frameworks/Foundation.framework; sourceTree = SDKROOT; };
		296A3ADB16CFC7E2009BEAB1 /* CoreGraphics.framework */ = {isa = PBXFileReference; lastKnownFileType = wrapper.framework; name = CoreGraphics.framework; path = System/Library/Frameworks/CoreGraphics.framework; sourceTree = SDKROOT; };
		296A3ADF16CFC7E2009BEAB1 /* LearningNote-Info.plist */ = {isa = PBXFileReference; lastKnownFileType = text.plist.xml; path = "LearningNote-Info.plist"; sourceTree = "<group>"; };
		296A3AE116CFC7E2009BEAB1 /* en */ = {isa = PBXFileReference; lastKnownFileType = text.plist.strings; name = en; path = en.lproj/InfoPlist.strings; sourceTree = "<group>"; };
		296A3AE316CFC7E2009BEAB1 /* main.m */ = {isa = PBXFileReference; lastKnownFileType = sourcecode.c.objc; path = main.m; sourceTree = "<group>"; };
		296A3AE516CFC7E2009BEAB1 /* LearningNote-Prefix.pch */ = {isa = PBXFileReference; lastKnownFileType = sourcecode.c.h; path = "LearningNote-Prefix.pch"; sourceTree = "<group>"; };
		296A3AE616CFC7E2009BEAB1 /* LearningAppDelegate.h */ = {isa = PBXFileReference; lastKnownFileType = sourcecode.c.h; path = LearningAppDelegate.h; sourceTree = "<group>"; };
		296A3AE716CFC7E2009BEAB1 /* LearningAppDelegate.m */ = {isa = PBXFileReference; lastKnownFileType = sourcecode.c.objc; path = LearningAppDelegate.m; sourceTree = "<group>"; };
		296A3AE916CFC7E2009BEAB1 /* Default.png */ = {isa = PBXFileReference; lastKnownFileType = image.png; path = Default.png; sourceTree = "<group>"; };
		296A3AEB16CFC7E2009BEAB1 /* Default@2x.png */ = {isa = PBXFileReference; lastKnownFileType = image.png; path = "Default@2x.png"; sourceTree = "<group>"; };
		296A3AED16CFC7E2009BEAB1 /* Default-568h@2x.png */ = {isa = PBXFileReference; lastKnownFileType = image.png; path = "Default-568h@2x.png"; sourceTree = "<group>"; };
		296A3AF016CFC7E2009BEAB1 /* en */ = {isa = PBXFileReference; lastKnownFileType = file.storyboard; name = en; path = en.lproj/MainStoryboard.storyboard; sourceTree = "<group>"; };
		296A3AF216CFC7E2009BEAB1 /* LearningViewController.h */ = {isa = PBXFileReference; lastKnownFileType = sourcecode.c.h; path = LearningViewController.h; sourceTree = "<group>"; };
		296A3AF316CFC7E2009BEAB1 /* LearningViewController.m */ = {isa = PBXFileReference; lastKnownFileType = sourcecode.c.objc; path = LearningViewController.m; sourceTree = "<group>"; };
/* End PBXFileReference section */

/* Begin PBXFrameworksBuildPhase section */
		296A3AD116CFC7E2009BEAB1 /* Frameworks */ = {
			isa = PBXFrameworksBuildPhase;
			buildActionMask = 2147483647;
			files = (
				296A3AD816CFC7E2009BEAB1 /* UIKit.framework in Frameworks */,
				296A3ADA16CFC7E2009BEAB1 /* Foundation.framework in Frameworks */,
				296A3ADC16CFC7E2009BEAB1 /* CoreGraphics.framework in Frameworks */,
			);
			runOnlyForDeploymentPostprocessing = 0;
		};
/* End PBXFrameworksBuildPhase section */

/* Begin PBXGroup section */
		296A3ACB16CFC7E2009BEAB1 = {
			isa = PBXGroup;
			children = (
				296A3ADD16CFC7E2009BEAB1 /* LearningNote */,
				296A3AD616CFC7E2009BEAB1 /* Frameworks */,
				296A3AD516CFC7E2009BEAB1 /* Products */,
			);
			sourceTree = "<group>";
		};
		296A3AD516CFC7E2009BEAB1 /* Products */ = {
			isa = PBXGroup;
			children = (
				296A3AD416CFC7E2009BEAB1 /* LearningNote.app */,
			);
			name = Products;
			sourceTree = "<group>";
		};
		296A3AD616CFC7E2009BEAB1 /* Frameworks */ = {
			isa = PBXGroup;
			children = (
				296A3AD716CFC7E2009BEAB1 /* UIKit.framework */,
				296A3AD916CFC7E2009BEAB1 /* Foundation.framework */,
				296A3ADB16CFC7E2009BEAB1 /* CoreGraphics.framework */,
			);
			name = Frameworks;
			sourceTree = "<group>";
		};
		296A3ADD16CFC7E2009BEAB1 /* LearningNote */ = {
			isa = PBXGroup;
			children = (
				296A3AE616CFC7E2009BEAB1 /* LearningAppDelegate.h */,
				296A3AE716CFC7E2009BEAB1 /* LearningAppDelegate.m */,
				296A3AEF16CFC7E2009BEAB1 /* MainStoryboard.storyboard */,
				296A3AF216CFC7E2009BEAB1 /* LearningViewController.h */,
				296A3AF316CFC7E2009BEAB1 /* LearningViewController.m */,
				296A3ADE16CFC7E2009BEAB1 /* Supporting Files */,
			);
			path = LearningNote;
			sourceTree = "<group>";
		};
		296A3ADE16CFC7E2009BEAB1 /* Supporting Files */ = {
			isa = PBXGroup;
			children = (
				296A3ADF16CFC7E2009BEAB1 /* LearningNote-Info.plist */,
				296A3AE016CFC7E2009BEAB1 /* InfoPlist.strings */,
				296A3AE316CFC7E2009BEAB1 /* main.m */,
				296A3AE516CFC7E2009BEAB1 /* LearningNote-Prefix.pch */,
				296A3AE916CFC7E2009BEAB1 /* Default.png */,
				296A3AEB16CFC7E2009BEAB1 /* Default@2x.png */,
				296A3AED16CFC7E2009BEAB1 /* Default-568h@2x.png */,
			);
			name = "Supporting Files";
			sourceTree = "<group>";
		};
/* End PBXGroup section */

/* Begin PBXNativeTarget section */
		296A3AD316CFC7E2009BEAB1 /* LearningNote */ = {
			isa = PBXNativeTarget;
			buildConfigurationList = 296A3AF716CFC7E2009BEAB1 /* Build configuration list for PBXNativeTarget "LearningNote" */;
			buildPhases = (
				296A3AD016CFC7E2009BEAB1 /* Sources */,
				296A3AD116CFC7E2009BEAB1 /* Frameworks */,
				296A3AD216CFC7E2009BEAB1 /* Resources */,
			);
			buildRules = (
			);
			dependencies = (
			);
			name = LearningNote;
			productName = LearningNote;
			productReference = 296A3AD416CFC7E2009BEAB1 /* LearningNote.app */;
			productType = "com.apple.product-type.application";
		};
/* End PBXNativeTarget section */

/* Begin PBXProject section */
		296A3ACC16CFC7E2009BEAB1 /* Project object */ = {
			isa = PBXProject;
			attributes = {
				CLASSPREFIX = Learning;
				LastUpgradeCheck = 0460;
				ORGANIZATIONNAME = "香川 浩之";
			};
			buildConfigurationList = 296A3ACF16CFC7E2009BEAB1 /* Build configuration list for PBXProject "LearningNote" */;
			compatibilityVersion = "Xcode 3.2";
			developmentRegion = English;
			hasScannedForEncodings = 0;
			knownRegions = (
				en,
			);
			mainGroup = 296A3ACB16CFC7E2009BEAB1;
			productRefGroup = 296A3AD516CFC7E2009BEAB1 /* Products */;
			projectDirPath = "";
			projectRoot = "";
			targets = (
				296A3AD316CFC7E2009BEAB1 /* LearningNote */,
			);
		};
/* End PBXProject section */

/* Begin PBXResourcesBuildPhase section */
		296A3AD216CFC7E2009BEAB1 /* Resources */ = {
			isa = PBXResourcesBuildPhase;
			buildActionMask = 2147483647;
			files = (
				296A3AE216CFC7E2009BEAB1 /* InfoPlist.strings in Resources */,
				296A3AEA16CFC7E2009BEAB1 /* Default.png in Resources */,
				296A3AEC16CFC7E2009BEAB1 /* Default@2x.png in Resources */,
				296A3AEE16CFC7E2009BEAB1 /* Default-568h@2x.png in Resources */,
				296A3AF116CFC7E2009BEAB1 /* MainStoryboard.storyboard in Resources */,
			);
			runOnlyForDeploymentPostprocessing = 0;
		};
/* End PBXResourcesBuildPhase section */

/* Begin PBXSourcesBuildPhase section */
		296A3AD016CFC7E2009BEAB1 /* Sources */ = {
			isa = PBXSourcesBuildPhase;
			buildActionMask = 2147483647;
			files = (
				296A3AE416CFC7E2009BEAB1 /* main.m in Sources */,
				296A3AE816CFC7E2009BEAB1 /* LearningAppDelegate.m in Sources */,
				296A3AF416CFC7E2009BEAB1 /* LearningViewController.m in Sources */,
			);
			runOnlyForDeploymentPostprocessing = 0;
		};
/* End PBXSourcesBuildPhase section */

/* Begin PBXVariantGroup section */
		296A3AE016CFC7E2009BEAB1 /* InfoPlist.strings */ = {
			isa = PBXVariantGroup;
			children = (
				296A3AE116CFC7E2009BEAB1 /* en */,
			);
			name = InfoPlist.strings;
			sourceTree = "<group>";
		};
		296A3AEF16CFC7E2009BEAB1 /* MainStoryboard.storyboard */ = {
			isa = PBXVariantGroup;
			children = (
				296A3AF016CFC7E2009BEAB1 /* en */,
			);
			name = MainStoryboard.storyboard;
			sourceTree = "<group>";
		};
/* End PBXVariantGroup section */

/* Begin XCBuildConfiguration section */
		296A3AF516CFC7E2009BEAB1 /* Debug */ = {
			isa = XCBuildConfiguration;
			buildSettings = {
				ALWAYS_SEARCH_USER_PATHS = NO;
				CLANG_CXX_LANGUAGE_STANDARD = "gnu++0x";
				CLANG_CXX_LIBRARY = "libc++";
				CLANG_ENABLE_OBJC_ARC = YES;
				CLANG_WARN_CONSTANT_CONVERSION = YES;
				CLANG_WARN_EMPTY_BODY = YES;
				CLANG_WARN_ENUM_CONVERSION = YES;
				CLANG_WARN_INT_CONVERSION = YES;
				CLANG_WARN__DUPLICATE_METHOD_MATCH = YES;
				"CODE_SIGN_IDENTITY[sdk=iphoneos*]" = "iPhone Developer";
				COPY_PHASE_STRIP = NO;
				GCC_C_LANGUAGE_STANDARD = gnu99;
				GCC_DYNAMIC_NO_PIC = NO;
				GCC_OPTIMIZATION_LEVEL = 0;
				GCC_PREPROCESSOR_DEFINITIONS = (
					"DEBUG=1",
					"$(inherited)",
				);
				GCC_SYMBOLS_PRIVATE_EXTERN = NO;
				GCC_WARN_ABOUT_RETURN_TYPE = YES;
				GCC_WARN_UNINITIALIZED_AUTOS = YES;
				GCC_WARN_UNUSED_VARIABLE = YES;
				IPHONEOS_DEPLOYMENT_TARGET = 6.1;
				ONLY_ACTIVE_ARCH = YES;
				SDKROOT = iphoneos;
			};
			name = Debug;
		};
		296A3AF616CFC7E2009BEAB1 /* Release */ = {
			isa = XCBuildConfiguration;
			buildSettings = {
				ALWAYS_SEARCH_USER_PATHS = NO;
				CLANG_CXX_LANGUAGE_STANDARD = "gnu++0x";
				CLANG_CXX_LIBRARY = "libc++";
				CLANG_ENABLE_OBJC_ARC = YES;
				CLANG_WARN_CONSTANT_CONVERSION = YES;
				CLANG_WARN_EMPTY_BODY = YES;
				CLANG_WARN_ENUM_CONVERSION = YES;
				CLANG_WARN_INT_CONVERSION = YES;
				CLANG_WARN__DUPLICATE_METHOD_MATCH = YES;
				"CODE_SIGN_IDENTITY[sdk=iphoneos*]" = "iPhone Developer";
				COPY_PHASE_STRIP = YES;
				GCC_C_LANGUAGE_STANDARD = gnu99;
				GCC_WARN_ABOUT_RETURN_TYPE = YES;
				GCC_WARN_UNINITIALIZED_AUTOS = YES;
				GCC_WARN_UNUSED_VARIABLE = YES;
				IPHONEOS_DEPLOYMENT_TARGET = 6.1;
				OTHER_CFLAGS = "-DNS_BLOCK_ASSERTIONS=1";
				SDKROOT = iphoneos;
				VALIDATE_PRODUCT = YES;
			};
			name = Release;
		};
		296A3AF816CFC7E2009BEAB1 /* Debug */ = {
			isa = XCBuildConfiguration;
			buildSettings = {
				GCC_PRECOMPILE_PREFIX_HEADER = YES;
				GCC_PREFIX_HEADER = "LearningNote/LearningNote-Prefix.pch";
				INFOPLIST_FILE = "LearningNote/LearningNote-Info.plist";
				PRODUCT_NAME = "$(TARGET_NAME)";
				WRAPPER_EXTENSION = app;
			};
			name = Debug;
		};
		296A3AF916CFC7E2009BEAB1 /* Release */ = {
			isa = XCBuildConfiguration;
			buildSettings = {
				GCC_PRECOMPILE_PREFIX_HEADER = YES;
				GCC_PREFIX_HEADER = "LearningNote/LearningNote-Prefix.pch";
				INFOPLIST_FILE = "LearningNote/LearningNote-Info.plist";
				PRODUCT_NAME = "$(TARGET_NAME)";
				WRAPPER_EXTENSION = app;
			};
			name = Release;
		};
/* End XCBuildConfiguration section */

/* Begin XCConfigurationList section */
		296A3ACF16CFC7E2009BEAB1 /* Build configuration list for PBXProject "LearningNote" */ = {
			isa = XCConfigurationList;
			buildConfigurations = (
				296A3AF516CFC7E2009BEAB1 /* Debug */,
				296A3AF616CFC7E2009BEAB1 /* Release */,
			);
			defaultConfigurationIsVisible = 0;
			defaultConfigurationName = Release;
		};
		296A3AF716CFC7E2009BEAB1 /* Build configuration list for PBXNativeTarget "LearningNote" */ = {
			isa = XCConfigurationList;
			buildConfigurations = (
				296A3AF816CFC7E2009BEAB1 /* Debug */,
				296A3AF916CFC7E2009BEAB1 /* Release */,
			);
			defaultConfigurationIsVisible = 0;
		};
/* End XCConfigurationList section */
	};
	rootObject = 296A3ACC16CFC7E2009BEAB1 /* Project object */;
}
